{
  "object": {
    "pins": [
      {
        "package": "Socket",
        "repositoryURL": "https://github.com/IBM-Swift/BlueSocket.git",
        "state": {
          "branch": null,
          "revision": "c9894fd117457f1d006575fbfb2fdfd6f79eac03",
          "version": "1.0.200"
        }
      },
      {
        "package": "Flynn",
        "repositoryURL": "https://github.com/KittyMac/Flynn.git",
        "state": {
          "branch": "master",
          "revision": "c1079d65959b672ec5dba29c24a3c749079d9f74",
          "version": null
        }
      },
      {
        "package": "Hitch",
        "repositoryURL": "https://github.com/KittyMac/Hitch.git",
        "state": {
          "branch": null,
          "revision": "5169e3bb351921474d263c8d76baa8d8baa620ac",
          "version": "0.2.4"
        }
      },
      {
        "package": "swift-argument-parser",
        "repositoryURL": "https://github.com/apple/swift-argument-parser",
        "state": {
          "branch": null,
          "revision": "6b2aa2748a7881eebb9f84fb10c01293e15b52ca",
          "version": "0.5.0"
        }
      }
    ]
  },
  "version": 1
}
