{
  "pins" : [
    {
      "identity" : "chronometer",
      "kind" : "remoteSourceControl",
      "location" : "https://github.com/KittyMac/Chronometer.git",
      "state" : {
        "revision" : "d21b89e5cb5929b5175bdb3ad710a52cbf497eaa",
        "version" : "0.1.12"
      }
    },
    {
      "identity" : "cryptoswift",
      "kind" : "remoteSourceControl",
      "location" : "https://github.com/krzyzanowskim/CryptoSwift.git",
      "state" : {
        "revision" : "e45a26384239e028ec87fbcc788f513b67e10d8f",
        "version" : "1.9.0"
      }
    },
    {
      "identity" : "flynn",
      "kind" : "remoteSourceControl",
      "location" : "https://github.com/KittyMac/Flynn.git",
      "state" : {
        "revision" : "5b796024c8fb902b76b12e1f3fd2acf965da4eed",
        "version" : "0.4.123"
      }
    },
    {
      "identity" : "gzipswift",
      "kind" : "remoteSourceControl",
      "location" : "https://github.com/KittyMac/GzipSwift.git",
      "state" : {
        "revision" : "0f5ce356dc9b75cde454caec96f9e7c2b931caae",
        "version" : "5.3.6"
      }
    },
    {
      "identity" : "hitch",
      "kind" : "remoteSourceControl",
      "location" : "https://github.com/KittyMac/Hitch.git",
      "state" : {
        "revision" : "d6c147a1d70992db39a141cb5bf9cf8fbb776250",
        "version" : "0.4.148"
      }
    },
    {
      "identity" : "sextant",
      "kind" : "remoteSourceControl",
      "location" : "https://github.com/KittyMac/Sextant.git",
      "state" : {
        "revision" : "74b947a80df5c8c776262546832e370afe2341f6",
        "version" : "0.4.35"
      }
    },
    {
      "identity" : "spanker",
      "kind" : "remoteSourceControl",
      "location" : "https://github.com/KittyMac/Spanker.git",
      "state" : {
        "revision" : "dc24d4860c64c41f8def204ba28db841b9099336",
        "version" : "0.2.50"
      }
    },
    {
      "identity" : "studding",
      "kind" : "remoteSourceControl",
      "location" : "https://github.com/KittyMac/Studding.git",
      "state" : {
        "revision" : "f56ddf21dd83cbbbb4a839e678384ed74a8cc0fc",
        "version" : "0.0.11"
      }
    }
  ],
  "version" : 2
}
