{
  "object": {
    "pins": [
      {
        "package": "Socket",
        "repositoryURL": "https://github.com/IBM-Swift/BlueSocket.git",
        "state": {
          "branch": null,
          "revision": "c9894fd117457f1d006575fbfb2fdfd6f79eac03",
          "version": "1.0.200"
        }
      },
      {
        "package": "Flynn",
        "repositoryURL": "https://github.com/KittyMac/Flynn.git",
        "state": {
          "branch": "master",
          "revision": "bef6eb1bc963eb3b55a8e0a7c98ddc8a44a8a90c",
          "version": null
        }
      },
      {
        "package": "Hitch",
        "repositoryURL": "https://github.com/KittyMac/Hitch.git",
        "state": {
          "branch": null,
          "revision": "8a958689c995485a8bf63329195a062974efc5e5",
          "version": "0.3.1"
        }
      },
      {
        "package": "swift-argument-parser",
        "repositoryURL": "https://github.com/apple/swift-argument-parser",
        "state": {
          "branch": null,
          "revision": "6b2aa2748a7881eebb9f84fb10c01293e15b52ca",
          "version": "0.5.0"
        }
      }
    ]
  },
  "version": 1
}
